// !$*UTF8*$!
{
	archiveVersion = 1;
	classes = {
	};
	objectVersion = 56;
	objects = {

/* Begin PBXBuildFile section */
		2E059A7B2BA6180D00FE9B07 /* InfoPlist.xcstrings in Resources */ = {isa = PBXBuildFile; fileRef = 2E059A7A2BA6180D00FE9B07 /* InfoPlist.xcstrings */; };
		2E13A8922B8653B800B991B1 /* NiaBisUI in Frameworks */ = {isa = PBXBuildFile; productRef = 2E13A8912B8653B800B991B1 /* NiaBisUI */; };
		2E44B7E12B864DE600C1968F /* NiaBisApp.swift in Sources */ = {isa = PBXBuildFile; fileRef = 2E44B7E02B864DE600C1968F /* NiaBisApp.swift */; };
		2E44B7E72B864DEA00C1968F /* Assets.xcassets in Resources */ = {isa = PBXBuildFile; fileRef = 2E44B7E62B864DEA00C1968F /* Assets.xcassets */; };
		2E44B7EB2B864DEA00C1968F /* Preview Assets.xcassets in Resources */ = {isa = PBXBuildFile; fileRef = 2E44B7EA2B864DEA00C1968F /* Preview Assets.xcassets */; };
		2E865C972B9A160900C056CF /* WidgetKit.framework in Frameworks */ = {isa = PBXBuildFile; fileRef = 2E865C962B9A160900C056CF /* WidgetKit.framework */; };
		2E865C992B9A160900C056CF /* SwiftUI.framework in Frameworks */ = {isa = PBXBuildFile; fileRef = 2E865C982B9A160900C056CF /* SwiftUI.framework */; };
		2E865C9C2B9A160900C056CF /* WidgetsBundle.swift in Sources */ = {isa = PBXBuildFile; fileRef = 2E865C9B2B9A160900C056CF /* WidgetsBundle.swift */; };
		2E865CA02B9A160900C056CF /* Widgets.swift in Sources */ = {isa = PBXBuildFile; fileRef = 2E865C9F2B9A160900C056CF /* Widgets.swift */; };
		2E865CA22B9A160900C056CF /* ConfigurationAppIntent.swift in Sources */ = {isa = PBXBuildFile; fileRef = 2E865CA12B9A160900C056CF /* ConfigurationAppIntent.swift */; };
		2E865CA42B9A160B00C056CF /* Assets.xcassets in Resources */ = {isa = PBXBuildFile; fileRef = 2E865CA32B9A160B00C056CF /* Assets.xcassets */; };
		2E865CA82B9A160B00C056CF /* WidgetsExtension.appex in Embed Foundation Extensions */ = {isa = PBXBuildFile; fileRef = 2E865C952B9A160900C056CF /* WidgetsExtension.appex */; settings = {ATTRIBUTES = (RemoveHeadersOnCopy, ); }; };
		2E865CAE2B9A161800C056CF /* NiaBisUI in Frameworks */ = {isa = PBXBuildFile; productRef = 2E865CAD2B9A161800C056CF /* NiaBisUI */; };
		2E865CB12B9AF31200C056CF /* WidgetsEntry.swift in Sources */ = {isa = PBXBuildFile; fileRef = 2E865CB02B9AF2C900C056CF /* WidgetsEntry.swift */; };
		2E865CB32B9AF36F00C056CF /* Widget.swift in Sources */ = {isa = PBXBuildFile; fileRef = 2E865CB22B9AF36F00C056CF /* Widget.swift */; };
/* End PBXBuildFile section */

/* Begin PBXContainerItemProxy section */
		2E865CA62B9A160B00C056CF /* PBXContainerItemProxy */ = {
			isa = PBXContainerItemProxy;
			containerPortal = 2E44B7D52B864DE600C1968F /* Project object */;
			proxyType = 1;
			remoteGlobalIDString = 2E865C942B9A160900C056CF;
			remoteInfo = WidgetsExtension;
		};
/* End PBXContainerItemProxy section */

/* Begin PBXCopyFilesBuildPhase section */
		2E865CAC2B9A160B00C056CF /* Embed Foundation Extensions */ = {
			isa = PBXCopyFilesBuildPhase;
			buildActionMask = 2147483647;
			dstPath = "";
			dstSubfolderSpec = 13;
			files = (
				2E865CA82B9A160B00C056CF /* WidgetsExtension.appex in Embed Foundation Extensions */,
			);
			name = "Embed Foundation Extensions";
			runOnlyForDeploymentPostprocessing = 0;
		};
/* End PBXCopyFilesBuildPhase section */

/* Begin PBXFileReference section */
		2E059A7A2BA6180D00FE9B07 /* InfoPlist.xcstrings */ = {isa = PBXFileReference; lastKnownFileType = text.json.xcstrings; path = InfoPlist.xcstrings; sourceTree = "<group>"; };
		2E13A8962B87A39000B991B1 /* Info.plist */ = {isa = PBXFileReference; lastKnownFileType = text.plist; path = Info.plist; sourceTree = "<group>"; };
		2E44B7DD2B864DE600C1968F /* NiaBis.app */ = {isa = PBXFileReference; explicitFileType = wrapper.application; includeInIndex = 0; path = NiaBis.app; sourceTree = BUILT_PRODUCTS_DIR; };
		2E44B7E02B864DE600C1968F /* NiaBisApp.swift */ = {isa = PBXFileReference; lastKnownFileType = sourcecode.swift; path = NiaBisApp.swift; sourceTree = "<group>"; };
		2E44B7E62B864DEA00C1968F /* Assets.xcassets */ = {isa = PBXFileReference; lastKnownFileType = folder.assetcatalog; path = Assets.xcassets; sourceTree = "<group>"; };
		2E44B7E82B864DEA00C1968F /* NiaBis.entitlements */ = {isa = PBXFileReference; lastKnownFileType = text.plist.entitlements; path = NiaBis.entitlements; sourceTree = "<group>"; };
		2E44B7EA2B864DEA00C1968F /* Preview Assets.xcassets */ = {isa = PBXFileReference; lastKnownFileType = folder.assetcatalog; path = "Preview Assets.xcassets"; sourceTree = "<group>"; };
		2E7A20D82B86522500E77DBB /* NiaBisKit */ = {isa = PBXFileReference; lastKnownFileType = wrapper; path = NiaBisKit; sourceTree = "<group>"; };
		2E865C952B9A160900C056CF /* WidgetsExtension.appex */ = {isa = PBXFileReference; explicitFileType = "wrapper.app-extension"; includeInIndex = 0; path = WidgetsExtension.appex; sourceTree = BUILT_PRODUCTS_DIR; };
		2E865C962B9A160900C056CF /* WidgetKit.framework */ = {isa = PBXFileReference; lastKnownFileType = wrapper.framework; name = WidgetKit.framework; path = System/Library/Frameworks/WidgetKit.framework; sourceTree = SDKROOT; };
		2E865C982B9A160900C056CF /* SwiftUI.framework */ = {isa = PBXFileReference; lastKnownFileType = wrapper.framework; name = SwiftUI.framework; path = System/Library/Frameworks/SwiftUI.framework; sourceTree = SDKROOT; };
		2E865C9B2B9A160900C056CF /* WidgetsBundle.swift */ = {isa = PBXFileReference; lastKnownFileType = sourcecode.swift; path = WidgetsBundle.swift; sourceTree = "<group>"; };
		2E865C9F2B9A160900C056CF /* Widgets.swift */ = {isa = PBXFileReference; lastKnownFileType = sourcecode.swift; path = Widgets.swift; sourceTree = "<group>"; };
		2E865CA12B9A160900C056CF /* ConfigurationAppIntent.swift */ = {isa = PBXFileReference; lastKnownFileType = sourcecode.swift; path = ConfigurationAppIntent.swift; sourceTree = "<group>"; };
		2E865CA32B9A160B00C056CF /* Assets.xcassets */ = {isa = PBXFileReference; lastKnownFileType = folder.assetcatalog; path = Assets.xcassets; sourceTree = "<group>"; };
		2E865CA52B9A160B00C056CF /* Info.plist */ = {isa = PBXFileReference; lastKnownFileType = text.plist.xml; path = Info.plist; sourceTree = "<group>"; };
		2E865CAF2B9A172C00C056CF /* WidgetsExtension.entitlements */ = {isa = PBXFileReference; lastKnownFileType = text.plist.entitlements; path = WidgetsExtension.entitlements; sourceTree = "<group>"; };
		2E865CB02B9AF2C900C056CF /* WidgetsEntry.swift */ = {isa = PBXFileReference; lastKnownFileType = sourcecode.swift; path = WidgetsEntry.swift; sourceTree = "<group>"; };
		2E865CB22B9AF36F00C056CF /* Widget.swift */ = {isa = PBXFileReference; lastKnownFileType = sourcecode.swift; path = Widget.swift; sourceTree = "<group>"; };
/* End PBXFileReference section */

/* Begin PBXFrameworksBuildPhase section */
		2E44B7DA2B864DE600C1968F /* Frameworks */ = {
			isa = PBXFrameworksBuildPhase;
			buildActionMask = 2147483647;
			files = (
				2E13A8922B8653B800B991B1 /* NiaBisUI in Frameworks */,
			);
			runOnlyForDeploymentPostprocessing = 0;
		};
		2E865C922B9A160900C056CF /* Frameworks */ = {
			isa = PBXFrameworksBuildPhase;
			buildActionMask = 2147483647;
			files = (
				2E865C992B9A160900C056CF /* SwiftUI.framework in Frameworks */,
				2E865CAE2B9A161800C056CF /* NiaBisUI in Frameworks */,
				2E865C972B9A160900C056CF /* WidgetKit.framework in Frameworks */,
			);
			runOnlyForDeploymentPostprocessing = 0;
		};
/* End PBXFrameworksBuildPhase section */

/* Begin PBXGroup section */
		2E44B7D42B864DE600C1968F = {
			isa = PBXGroup;
			children = (
				2E7A20D82B86522500E77DBB /* NiaBisKit */,
				2E44B7DF2B864DE600C1968F /* NiaBis */,
				2E865C9A2B9A160900C056CF /* Widgets */,
				2E44B7DE2B864DE600C1968F /* Products */,
				2E7A20D92B8652A000E77DBB /* Frameworks */,
			);
			sourceTree = "<group>";
		};
		2E44B7DE2B864DE600C1968F /* Products */ = {
			isa = PBXGroup;
			children = (
				2E44B7DD2B864DE600C1968F /* NiaBis.app */,
				2E865C952B9A160900C056CF /* WidgetsExtension.appex */,
			);
			name = Products;
			sourceTree = "<group>";
		};
		2E44B7DF2B864DE600C1968F /* NiaBis */ = {
			isa = PBXGroup;
			children = (
				2E13A8962B87A39000B991B1 /* Info.plist */,
				2E44B7E02B864DE600C1968F /* NiaBisApp.swift */,
				2E44B7E62B864DEA00C1968F /* Assets.xcassets */,
				2E059A7A2BA6180D00FE9B07 /* InfoPlist.xcstrings */,
				2E44B7E82B864DEA00C1968F /* NiaBis.entitlements */,
				2E44B7E92B864DEA00C1968F /* Preview Content */,
			);
			path = NiaBis;
			sourceTree = "<group>";
		};
		2E44B7E92B864DEA00C1968F /* Preview Content */ = {
			isa = PBXGroup;
			children = (
				2E44B7EA2B864DEA00C1968F /* Preview Assets.xcassets */,
			);
			path = "Preview Content";
			sourceTree = "<group>";
		};
		2E7A20D92B8652A000E77DBB /* Frameworks */ = {
			isa = PBXGroup;
			children = (
				2E865C962B9A160900C056CF /* WidgetKit.framework */,
				2E865C982B9A160900C056CF /* SwiftUI.framework */,
			);
			name = Frameworks;
			sourceTree = "<group>";
		};
		2E865C9A2B9A160900C056CF /* Widgets */ = {
			isa = PBXGroup;
			children = (
				2E865C9B2B9A160900C056CF /* WidgetsBundle.swift */,
				2E865C9F2B9A160900C056CF /* Widgets.swift */,
				2E865CB02B9AF2C900C056CF /* WidgetsEntry.swift */,
				2E865CA12B9A160900C056CF /* ConfigurationAppIntent.swift */,
				2E865CB22B9AF36F00C056CF /* Widget.swift */,
				2E865CA32B9A160B00C056CF /* Assets.xcassets */,
				2E865CAF2B9A172C00C056CF /* WidgetsExtension.entitlements */,
				2E865CA52B9A160B00C056CF /* Info.plist */,
			);
			path = Widgets;
			sourceTree = "<group>";
		};
/* End PBXGroup section */

/* Begin PBXNativeTarget section */
		2E44B7DC2B864DE600C1968F /* NiaBis */ = {
			isa = PBXNativeTarget;
			buildConfigurationList = 2E44B7EE2B864DEA00C1968F /* Build configuration list for PBXNativeTarget "NiaBis" */;
			buildPhases = (
				2E44B7D92B864DE600C1968F /* Sources */,
				2E44B7DA2B864DE600C1968F /* Frameworks */,
				2E44B7DB2B864DE600C1968F /* Resources */,
				2E865CAC2B9A160B00C056CF /* Embed Foundation Extensions */,
			);
			buildRules = (
			);
			dependencies = (
				2E865CA72B9A160B00C056CF /* PBXTargetDependency */,
			);
			name = NiaBis;
			packageProductDependencies = (
				2E13A8912B8653B800B991B1 /* NiaBisUI */,
			);
			productName = NiaBis;
			productReference = 2E44B7DD2B864DE600C1968F /* NiaBis.app */;
			productType = "com.apple.product-type.application";
		};
		2E865C942B9A160900C056CF /* WidgetsExtension */ = {
			isa = PBXNativeTarget;
			buildConfigurationList = 2E865CA92B9A160B00C056CF /* Build configuration list for PBXNativeTarget "WidgetsExtension" */;
			buildPhases = (
				2E865C912B9A160900C056CF /* Sources */,
				2E865C922B9A160900C056CF /* Frameworks */,
				2E865C932B9A160900C056CF /* Resources */,
			);
			buildRules = (
			);
			dependencies = (
			);
			name = WidgetsExtension;
			packageProductDependencies = (
				2E865CAD2B9A161800C056CF /* NiaBisUI */,
			);
			productName = WidgetsExtension;
			productReference = 2E865C952B9A160900C056CF /* WidgetsExtension.appex */;
			productType = "com.apple.product-type.app-extension";
		};
/* End PBXNativeTarget section */

/* Begin PBXProject section */
		2E44B7D52B864DE600C1968F /* Project object */ = {
			isa = PBXProject;
			attributes = {
				BuildIndependentTargetsInParallel = 1;
				LastSwiftUpdateCheck = 1530;
				LastUpgradeCheck = 1530;
				TargetAttributes = {
					2E44B7DC2B864DE600C1968F = {
						CreatedOnToolsVersion = 15.3;
					};
					2E865C942B9A160900C056CF = {
						CreatedOnToolsVersion = 15.3;
					};
				};
			};
			buildConfigurationList = 2E44B7D82B864DE600C1968F /* Build configuration list for PBXProject "NiaBis" */;
			compatibilityVersion = "Xcode 14.0";
			developmentRegion = en;
			hasScannedForEncodings = 0;
			knownRegions = (
				en,
				Base,
				ja,
			);
			mainGroup = 2E44B7D42B864DE600C1968F;
			productRefGroup = 2E44B7DE2B864DE600C1968F /* Products */;
			projectDirPath = "";
			projectRoot = "";
			targets = (
				2E44B7DC2B864DE600C1968F /* NiaBis */,
				2E865C942B9A160900C056CF /* WidgetsExtension */,
			);
		};
/* End PBXProject section */

/* Begin PBXResourcesBuildPhase section */
		2E44B7DB2B864DE600C1968F /* Resources */ = {
			isa = PBXResourcesBuildPhase;
			buildActionMask = 2147483647;
			files = (
				2E059A7B2BA6180D00FE9B07 /* InfoPlist.xcstrings in Resources */,
				2E44B7EB2B864DEA00C1968F /* Preview Assets.xcassets in Resources */,
				2E44B7E72B864DEA00C1968F /* Assets.xcassets in Resources */,
			);
			runOnlyForDeploymentPostprocessing = 0;
		};
		2E865C932B9A160900C056CF /* Resources */ = {
			isa = PBXResourcesBuildPhase;
			buildActionMask = 2147483647;
			files = (
				2E865CA42B9A160B00C056CF /* Assets.xcassets in Resources */,
			);
			runOnlyForDeploymentPostprocessing = 0;
		};
/* End PBXResourcesBuildPhase section */

/* Begin PBXSourcesBuildPhase section */
		2E44B7D92B864DE600C1968F /* Sources */ = {
			isa = PBXSourcesBuildPhase;
			buildActionMask = 2147483647;
			files = (
				2E44B7E12B864DE600C1968F /* NiaBisApp.swift in Sources */,
			);
			runOnlyForDeploymentPostprocessing = 0;
		};
		2E865C912B9A160900C056CF /* Sources */ = {
			isa = PBXSourcesBuildPhase;
			buildActionMask = 2147483647;
			files = (
				2E865CA22B9A160900C056CF /* ConfigurationAppIntent.swift in Sources */,
				2E865CA02B9A160900C056CF /* Widgets.swift in Sources */,
				2E865CB32B9AF36F00C056CF /* Widget.swift in Sources */,
				2E865CB12B9AF31200C056CF /* WidgetsEntry.swift in Sources */,
				2E865C9C2B9A160900C056CF /* WidgetsBundle.swift in Sources */,
			);
			runOnlyForDeploymentPostprocessing = 0;
		};
/* End PBXSourcesBuildPhase section */

/* Begin PBXTargetDependency section */
		2E865CA72B9A160B00C056CF /* PBXTargetDependency */ = {
			isa = PBXTargetDependency;
			target = 2E865C942B9A160900C056CF /* WidgetsExtension */;
			targetProxy = 2E865CA62B9A160B00C056CF /* PBXContainerItemProxy */;
		};
/* End PBXTargetDependency section */

/* Begin XCBuildConfiguration section */
		2E44B7EC2B864DEA00C1968F /* Debug */ = {
			isa = XCBuildConfiguration;
			buildSettings = {
				ALWAYS_SEARCH_USER_PATHS = NO;
				ASSETCATALOG_COMPILER_GENERATE_SWIFT_ASSET_SYMBOL_EXTENSIONS = YES;
				CLANG_ANALYZER_NONNULL = YES;
				CLANG_ANALYZER_NUMBER_OBJECT_CONVERSION = YES_AGGRESSIVE;
				CLANG_CXX_LANGUAGE_STANDARD = "gnu++20";
				CLANG_ENABLE_MODULES = YES;
				CLANG_ENABLE_OBJC_ARC = YES;
				CLANG_ENABLE_OBJC_WEAK = YES;
				CLANG_WARN_BLOCK_CAPTURE_AUTORELEASING = YES;
				CLANG_WARN_BOOL_CONVERSION = YES;
				CLANG_WARN_COMMA = YES;
				CLANG_WARN_CONSTANT_CONVERSION = YES;
				CLANG_WARN_DEPRECATED_OBJC_IMPLEMENTATIONS = YES;
				CLANG_WARN_DIRECT_OBJC_ISA_USAGE = YES_ERROR;
				CLANG_WARN_DOCUMENTATION_COMMENTS = YES;
				CLANG_WARN_EMPTY_BODY = YES;
				CLANG_WARN_ENUM_CONVERSION = YES;
				CLANG_WARN_INFINITE_RECURSION = YES;
				CLANG_WARN_INT_CONVERSION = YES;
				CLANG_WARN_NON_LITERAL_NULL_CONVERSION = YES;
				CLANG_WARN_OBJC_IMPLICIT_RETAIN_SELF = YES;
				CLANG_WARN_OBJC_LITERAL_CONVERSION = YES;
				CLANG_WARN_OBJC_ROOT_CLASS = YES_ERROR;
				CLANG_WARN_QUOTED_INCLUDE_IN_FRAMEWORK_HEADER = YES;
				CLANG_WARN_RANGE_LOOP_ANALYSIS = YES;
				CLANG_WARN_STRICT_PROTOTYPES = YES;
				CLANG_WARN_SUSPICIOUS_MOVE = YES;
				CLANG_WARN_UNGUARDED_AVAILABILITY = YES_AGGRESSIVE;
				CLANG_WARN_UNREACHABLE_CODE = YES;
				CLANG_WARN__DUPLICATE_METHOD_MATCH = YES;
				COPY_PHASE_STRIP = NO;
				DEBUG_INFORMATION_FORMAT = dwarf;
				ENABLE_STRICT_OBJC_MSGSEND = YES;
				ENABLE_TESTABILITY = YES;
				ENABLE_USER_SCRIPT_SANDBOXING = YES;
				GCC_C_LANGUAGE_STANDARD = gnu17;
				GCC_DYNAMIC_NO_PIC = NO;
				GCC_NO_COMMON_BLOCKS = YES;
				GCC_OPTIMIZATION_LEVEL = 0;
				GCC_PREPROCESSOR_DEFINITIONS = (
					"DEBUG=1",
					"$(inherited)",
				);
				GCC_WARN_64_TO_32_BIT_CONVERSION = YES;
				GCC_WARN_ABOUT_RETURN_TYPE = YES_ERROR;
				GCC_WARN_UNDECLARED_SELECTOR = YES;
				GCC_WARN_UNINITIALIZED_AUTOS = YES_AGGRESSIVE;
				GCC_WARN_UNUSED_FUNCTION = YES;
				GCC_WARN_UNUSED_VARIABLE = YES;
				LOCALIZATION_PREFERS_STRING_CATALOGS = YES;
				MTL_ENABLE_DEBUG_INFO = INCLUDE_SOURCE;
				MTL_FAST_MATH = YES;
				ONLY_ACTIVE_ARCH = YES;
				SWIFT_ACTIVE_COMPILATION_CONDITIONS = "DEBUG $(inherited)";
				SWIFT_OPTIMIZATION_LEVEL = "-Onone";
			};
			name = Debug;
		};
		2E44B7ED2B864DEA00C1968F /* Release */ = {
			isa = XCBuildConfiguration;
			buildSettings = {
				ALWAYS_SEARCH_USER_PATHS = NO;
				ASSETCATALOG_COMPILER_GENERATE_SWIFT_ASSET_SYMBOL_EXTENSIONS = YES;
				CLANG_ANALYZER_NONNULL = YES;
				CLANG_ANALYZER_NUMBER_OBJECT_CONVERSION = YES_AGGRESSIVE;
				CLANG_CXX_LANGUAGE_STANDARD = "gnu++20";
				CLANG_ENABLE_MODULES = YES;
				CLANG_ENABLE_OBJC_ARC = YES;
				CLANG_ENABLE_OBJC_WEAK = YES;
				CLANG_WARN_BLOCK_CAPTURE_AUTORELEASING = YES;
				CLANG_WARN_BOOL_CONVERSION = YES;
				CLANG_WARN_COMMA = YES;
				CLANG_WARN_CONSTANT_CONVERSION = YES;
				CLANG_WARN_DEPRECATED_OBJC_IMPLEMENTATIONS = YES;
				CLANG_WARN_DIRECT_OBJC_ISA_USAGE = YES_ERROR;
				CLANG_WARN_DOCUMENTATION_COMMENTS = YES;
				CLANG_WARN_EMPTY_BODY = YES;
				CLANG_WARN_ENUM_CONVERSION = YES;
				CLANG_WARN_INFINITE_RECURSION = YES;
				CLANG_WARN_INT_CONVERSION = YES;
				CLANG_WARN_NON_LITERAL_NULL_CONVERSION = YES;
				CLANG_WARN_OBJC_IMPLICIT_RETAIN_SELF = YES;
				CLANG_WARN_OBJC_LITERAL_CONVERSION = YES;
				CLANG_WARN_OBJC_ROOT_CLASS = YES_ERROR;
				CLANG_WARN_QUOTED_INCLUDE_IN_FRAMEWORK_HEADER = YES;
				CLANG_WARN_RANGE_LOOP_ANALYSIS = YES;
				CLANG_WARN_STRICT_PROTOTYPES = YES;
				CLANG_WARN_SUSPICIOUS_MOVE = YES;
				CLANG_WARN_UNGUARDED_AVAILABILITY = YES_AGGRESSIVE;
				CLANG_WARN_UNREACHABLE_CODE = YES;
				CLANG_WARN__DUPLICATE_METHOD_MATCH = YES;
				COPY_PHASE_STRIP = NO;
				DEBUG_INFORMATION_FORMAT = "dwarf-with-dsym";
				ENABLE_NS_ASSERTIONS = NO;
				ENABLE_STRICT_OBJC_MSGSEND = YES;
				ENABLE_USER_SCRIPT_SANDBOXING = YES;
				GCC_C_LANGUAGE_STANDARD = gnu17;
				GCC_NO_COMMON_BLOCKS = YES;
				GCC_WARN_64_TO_32_BIT_CONVERSION = YES;
				GCC_WARN_ABOUT_RETURN_TYPE = YES_ERROR;
				GCC_WARN_UNDECLARED_SELECTOR = YES;
				GCC_WARN_UNINITIALIZED_AUTOS = YES_AGGRESSIVE;
				GCC_WARN_UNUSED_FUNCTION = YES;
				GCC_WARN_UNUSED_VARIABLE = YES;
				LOCALIZATION_PREFERS_STRING_CATALOGS = YES;
				MTL_ENABLE_DEBUG_INFO = NO;
				MTL_FAST_MATH = YES;
				SWIFT_COMPILATION_MODE = wholemodule;
			};
			name = Release;
		};
		2E44B7EF2B864DEA00C1968F /* Debug */ = {
			isa = XCBuildConfiguration;
			buildSettings = {
				ALWAYS_EMBED_SWIFT_STANDARD_LIBRARIES = YES;
				ASSETCATALOG_COMPILER_APPICON_NAME = AppIcon;
				ASSETCATALOG_COMPILER_GLOBAL_ACCENT_COLOR_NAME = AccentColor;
				CODE_SIGN_ENTITLEMENTS = NiaBis/NiaBis.entitlements;
				CODE_SIGN_STYLE = Automatic;
				CURRENT_PROJECT_VERSION = 1;
				DEVELOPMENT_ASSET_PATHS = "\"NiaBis/Preview Content\"";
				DEVELOPMENT_TEAM = PU5HXZ4FZ2;
				ENABLE_HARDENED_RUNTIME = YES;
				ENABLE_PREVIEWS = YES;
				GENERATE_INFOPLIST_FILE = YES;
				INFOPLIST_FILE = NiaBis/Info.plist;
				INFOPLIST_KEY_LSApplicationCategoryType = "public.app-category.travel";
				INFOPLIST_KEY_NSLocationAlwaysAndWhenInUseUsageDescription = "Show current location on map.";
				INFOPLIST_KEY_NSLocationWhenInUseUsageDescription = "Accessing user current location requires a location permission.";
				"INFOPLIST_KEY_UIApplicationSceneManifest_Generation[sdk=iphoneos*]" = YES;
				"INFOPLIST_KEY_UIApplicationSceneManifest_Generation[sdk=iphonesimulator*]" = YES;
				"INFOPLIST_KEY_UIApplicationSupportsIndirectInputEvents[sdk=iphoneos*]" = YES;
				"INFOPLIST_KEY_UIApplicationSupportsIndirectInputEvents[sdk=iphonesimulator*]" = YES;
				"INFOPLIST_KEY_UILaunchScreen_Generation[sdk=iphoneos*]" = YES;
				"INFOPLIST_KEY_UILaunchScreen_Generation[sdk=iphonesimulator*]" = YES;
				"INFOPLIST_KEY_UIStatusBarStyle[sdk=iphoneos*]" = UIStatusBarStyleDefault;
				"INFOPLIST_KEY_UIStatusBarStyle[sdk=iphonesimulator*]" = UIStatusBarStyleDefault;
				INFOPLIST_KEY_UISupportedInterfaceOrientations_iPad = "UIInterfaceOrientationPortrait UIInterfaceOrientationPortraitUpsideDown UIInterfaceOrientationLandscapeLeft UIInterfaceOrientationLandscapeRight";
				INFOPLIST_KEY_UISupportedInterfaceOrientations_iPhone = "UIInterfaceOrientationPortrait UIInterfaceOrientationLandscapeLeft UIInterfaceOrientationLandscapeRight";
				IPHONEOS_DEPLOYMENT_TARGET = 17.4;
				LD_RUNPATH_SEARCH_PATHS = "@executable_path/Frameworks";
				"LD_RUNPATH_SEARCH_PATHS[sdk=macosx*]" = "@executable_path/../Frameworks";
				MACOSX_DEPLOYMENT_TARGET = 14.4;
				MARKETING_VERSION = 1.0;
				PRODUCT_BUNDLE_IDENTIFIER = com.zunda.niabis;
				PRODUCT_NAME = "$(TARGET_NAME)";
				SDKROOT = auto;
				SUPPORTED_PLATFORMS = "iphoneos iphonesimulator macosx";
				SWIFT_EMIT_LOC_STRINGS = YES;
				SWIFT_VERSION = 6.0;
				TARGETED_DEVICE_FAMILY = "1,2";
			};
			name = Debug;
		};
		2E44B7F02B864DEA00C1968F /* Release */ = {
			isa = XCBuildConfiguration;
			buildSettings = {
				ALWAYS_EMBED_SWIFT_STANDARD_LIBRARIES = YES;
				ASSETCATALOG_COMPILER_APPICON_NAME = AppIcon;
				ASSETCATALOG_COMPILER_GLOBAL_ACCENT_COLOR_NAME = AccentColor;
				CODE_SIGN_ENTITLEMENTS = NiaBis/NiaBis.entitlements;
				CODE_SIGN_STYLE = Automatic;
				CURRENT_PROJECT_VERSION = 1;
				DEVELOPMENT_ASSET_PATHS = "\"NiaBis/Preview Content\"";
				DEVELOPMENT_TEAM = PU5HXZ4FZ2;
				ENABLE_HARDENED_RUNTIME = YES;
				ENABLE_PREVIEWS = YES;
				GENERATE_INFOPLIST_FILE = YES;
				INFOPLIST_FILE = NiaBis/Info.plist;
				INFOPLIST_KEY_LSApplicationCategoryType = "public.app-category.travel";
				INFOPLIST_KEY_NSLocationAlwaysAndWhenInUseUsageDescription = "Show current location on map.";
				INFOPLIST_KEY_NSLocationWhenInUseUsageDescription = "Accessing user current location requires a location permission.";
				"INFOPLIST_KEY_UIApplicationSceneManifest_Generation[sdk=iphoneos*]" = YES;
				"INFOPLIST_KEY_UIApplicationSceneManifest_Generation[sdk=iphonesimulator*]" = YES;
				"INFOPLIST_KEY_UIApplicationSupportsIndirectInputEvents[sdk=iphoneos*]" = YES;
				"INFOPLIST_KEY_UIApplicationSupportsIndirectInputEvents[sdk=iphonesimulator*]" = YES;
				"INFOPLIST_KEY_UILaunchScreen_Generation[sdk=iphoneos*]" = YES;
				"INFOPLIST_KEY_UILaunchScreen_Generation[sdk=iphonesimulator*]" = YES;
				"INFOPLIST_KEY_UIStatusBarStyle[sdk=iphoneos*]" = UIStatusBarStyleDefault;
				"INFOPLIST_KEY_UIStatusBarStyle[sdk=iphonesimulator*]" = UIStatusBarStyleDefault;
				INFOPLIST_KEY_UISupportedInterfaceOrientations_iPad = "UIInterfaceOrientationPortrait UIInterfaceOrientationPortraitUpsideDown UIInterfaceOrientationLandscapeLeft UIInterfaceOrientationLandscapeRight";
				INFOPLIST_KEY_UISupportedInterfaceOrientations_iPhone = "UIInterfaceOrientationPortrait UIInterfaceOrientationLandscapeLeft UIInterfaceOrientationLandscapeRight";
				IPHONEOS_DEPLOYMENT_TARGET = 17.4;
				LD_RUNPATH_SEARCH_PATHS = "@executable_path/Frameworks";
				"LD_RUNPATH_SEARCH_PATHS[sdk=macosx*]" = "@executable_path/../Frameworks";
				MACOSX_DEPLOYMENT_TARGET = 14.4;
				MARKETING_VERSION = 1.0;
				PRODUCT_BUNDLE_IDENTIFIER = com.zunda.niabis;
				PRODUCT_NAME = "$(TARGET_NAME)";
				SDKROOT = auto;
				SUPPORTED_PLATFORMS = "iphoneos iphonesimulator macosx";
				SWIFT_EMIT_LOC_STRINGS = YES;
				SWIFT_VERSION = 6.0;
				TARGETED_DEVICE_FAMILY = "1,2";
			};
			name = Release;
		};
		2E865CAA2B9A160B00C056CF /* Debug */ = {
			isa = XCBuildConfiguration;
			buildSettings = {
				ASSETCATALOG_COMPILER_GLOBAL_ACCENT_COLOR_NAME = AccentColor;
				ASSETCATALOG_COMPILER_WIDGET_BACKGROUND_COLOR_NAME = WidgetBackground;
				CODE_SIGN_ENTITLEMENTS = Widgets/WidgetsExtension.entitlements;
				CODE_SIGN_STYLE = Automatic;
				CURRENT_PROJECT_VERSION = 1;
				DEVELOPMENT_TEAM = PU5HXZ4FZ2;
				GENERATE_INFOPLIST_FILE = YES;
				INFOPLIST_FILE = Widgets/Info.plist;
				INFOPLIST_KEY_CFBundleDisplayName = Widgets;
				INFOPLIST_KEY_NSHumanReadableCopyright = "";
				IPHONEOS_DEPLOYMENT_TARGET = 17.4;
				LD_RUNPATH_SEARCH_PATHS = (
					"$(inherited)",
					"@executable_path/Frameworks",
					"@executable_path/../../Frameworks",
				);
				MARKETING_VERSION = 1.0;
				PRODUCT_BUNDLE_IDENTIFIER = com.zunda.niabis.Widgets;
				PRODUCT_NAME = "$(TARGET_NAME)";
				SDKROOT = iphoneos;
				SKIP_INSTALL = YES;
				SWIFT_EMIT_LOC_STRINGS = YES;
				SWIFT_VERSION = 5.0;
				TARGETED_DEVICE_FAMILY = "1,2";
			};
			name = Debug;
		};
		2E865CAB2B9A160B00C056CF /* Release */ = {
			isa = XCBuildConfiguration;
			buildSettings = {
				ASSETCATALOG_COMPILER_GLOBAL_ACCENT_COLOR_NAME = AccentColor;
				ASSETCATALOG_COMPILER_WIDGET_BACKGROUND_COLOR_NAME = WidgetBackground;
				CODE_SIGN_ENTITLEMENTS = Widgets/WidgetsExtension.entitlements;
				CODE_SIGN_STYLE = Automatic;
				CURRENT_PROJECT_VERSION = 1;
				DEVELOPMENT_TEAM = PU5HXZ4FZ2;
				GENERATE_INFOPLIST_FILE = YES;
				INFOPLIST_FILE = Widgets/Info.plist;
				INFOPLIST_KEY_CFBundleDisplayName = Widgets;
				INFOPLIST_KEY_NSHumanReadableCopyright = "";
				IPHONEOS_DEPLOYMENT_TARGET = 17.4;
				LD_RUNPATH_SEARCH_PATHS = (
					"$(inherited)",
					"@executable_path/Frameworks",
					"@executable_path/../../Frameworks",
				);
				MARKETING_VERSION = 1.0;
				PRODUCT_BUNDLE_IDENTIFIER = com.zunda.niabis.Widgets;
				PRODUCT_NAME = "$(TARGET_NAME)";
				SDKROOT = iphoneos;
				SKIP_INSTALL = YES;
				SWIFT_EMIT_LOC_STRINGS = YES;
				SWIFT_VERSION = 5.0;
				TARGETED_DEVICE_FAMILY = "1,2";
				VALIDATE_PRODUCT = YES;
			};
			name = Release;
		};
/* End XCBuildConfiguration section */

/* Begin XCConfigurationList section */
		2E44B7D82B864DE600C1968F /* Build configuration list for PBXProject "NiaBis" */ = {
			isa = XCConfigurationList;
			buildConfigurations = (
				2E44B7EC2B864DEA00C1968F /* Debug */,
				2E44B7ED2B864DEA00C1968F /* Release */,
			);
			defaultConfigurationIsVisible = 0;
			defaultConfigurationName = Release;
		};
		2E44B7EE2B864DEA00C1968F /* Build configuration list for PBXNativeTarget "NiaBis" */ = {
			isa = XCConfigurationList;
			buildConfigurations = (
				2E44B7EF2B864DEA00C1968F /* Debug */,
				2E44B7F02B864DEA00C1968F /* Release */,
			);
			defaultConfigurationIsVisible = 0;
			defaultConfigurationName = Release;
		};
		2E865CA92B9A160B00C056CF /* Build configuration list for PBXNativeTarget "WidgetsExtension" */ = {
			isa = XCConfigurationList;
			buildConfigurations = (
				2E865CAA2B9A160B00C056CF /* Debug */,
				2E865CAB2B9A160B00C056CF /* Release */,
			);
			defaultConfigurationIsVisible = 0;
			defaultConfigurationName = Release;
		};
/* End XCConfigurationList section */

/* Begin XCSwiftPackageProductDependency section */
		2E13A8912B8653B800B991B1 /* NiaBisUI */ = {
			isa = XCSwiftPackageProductDependency;
			productName = NiaBisUI;
		};
		2E865CAD2B9A161800C056CF /* NiaBisUI */ = {
			isa = XCSwiftPackageProductDependency;
			productName = NiaBisUI;
		};
/* End XCSwiftPackageProductDependency section */
	};
	rootObject = 2E44B7D52B864DE600C1968F /* Project object */;
}
